
Microsoft Visual Studio Solution File, Format Version 12.00
# Visual Studio Version 17
VisualStudioVersion = 17.0.31903.59
MinimumVisualStudioVersion = 10.0.40219.1
Project("{9A19103F-16F7-4668-BE54-9A1E7A4F7556}") = "KafkaProducer", "KafkaProducer\KafkaProducer.csproj", "{B18773A7-6F51-459F-9525-0795A068B2E2}"
EndProject
Project("{FAE04EC0-301F-11D3-BF4B-00C04F79EFBC}") = "KafkaConsumer", "KafkaConsumer\KafkaConsumer.csproj", "{C41258CF-A7E0-4011-92FC-BDCBF8D50395}"
EndProject
Global
	GlobalSection(SolutionConfigurationPlatforms) = preSolution
		Debug|Any CPU = Debug|Any CPU
		Release|Any CPU = Release|Any CPU
	EndGlobalSection
	GlobalSection(ProjectConfigurationPlatforms) = postSolution
		{B18773A7-6F51-459F-9525-0795A068B2E2}.Debug|Any CPU.ActiveCfg = Debug|Any CPU
		{B18773A7-6F51-459F-9525-0795A068B2E2}.Debug|Any CPU.Build.0 = Debug|Any CPU
		{B18773A7-6F51-459F-9525-0795A068B2E2}.Release|Any CPU.ActiveCfg = Release|Any CPU
		{B18773A7-6F51-459F-9525-0795A068B2E2}.Release|Any CPU.Build.0 = Release|Any CPU
		{C41258CF-A7E0-4011-92FC-BDCBF8D50395}.Debug|Any CPU.ActiveCfg = Debug|Any CPU
		{C41258CF-A7E0-4011-92FC-BDCBF8D50395}.Debug|Any CPU.Build.0 = Debug|Any CPU
		{C41258CF-A7E0-4011-92FC-BDCBF8D50395}.Release|Any CPU.ActiveCfg = Release|Any CPU
		{C41258CF-A7E0-4011-92FC-BDCBF8D50395}.Release|Any CPU.Build.0 = Release|Any CPU
	EndGlobalSection
	GlobalSection(SolutionProperties) = preSolution
		HideSolutionNode = FALSE
	EndGlobalSection
	GlobalSection(ExtensibilityGlobals) = postSolution
		SolutionGuid = {9D172B0E-E73D-42C3-A05F-6C090503B6A0}
	EndGlobalSection
EndGlobal
